
Microsoft Visual Studio Solution File, Format Version 12.00
# Visual Studio Version 17
VisualStudioVersion = 17.3.32929.385
MinimumVisualStudioVersion = 10.0.40219.1
Project("{FAE04EC0-301F-11D3-BF4B-00C04F79EFBC}") = "SoftwareFinder", "SoftwareFinder\SoftwareFinder.csproj", "{A5946127-78A4-4A89-A3C6-AB5A344E1A87}"
EndProject
Global
	GlobalSection(SolutionConfigurationPlatforms) = preSolution
		Debug|Any CPU = Debug|Any CPU
		Release|Any CPU = Release|Any CPU
	EndGlobalSection
	GlobalSection(ProjectConfigurationPlatforms) = postSolution
		{A5946127-78A4-4A89-A3C6-AB5A344E1A87}.Debug|Any CPU.ActiveCfg = Debug|Any CPU
		{A5946127-78A4-4A89-A3C6-AB5A344E1A87}.Debug|Any CPU.Build.0 = Debug|Any CPU
		{A5946127-78A4-4A89-A3C6-AB5A344E1A87}.Release|Any CPU.ActiveCfg = Release|Any CPU
		{A5946127-78A4-4A89-A3C6-AB5A344E1A87}.Release|Any CPU.Build.0 = Release|Any CPU
	EndGlobalSection
	GlobalSection(SolutionProperties) = preSolution
		HideSolutionNode = FALSE
	EndGlobalSection
	GlobalSection(ExtensibilityGlobals) = postSolution
		SolutionGuid = {9DC1053A-8754-4021-B9BB-A295053327C9}
	EndGlobalSection
EndGlobal
